// !$*UTF8*$!
{
	archiveVersion = 1;
	classes = {
	};
	objectVersion = 77;
	objects = {

/* Begin PBXBuildFile section */
		24B95850F65A421C4B2705E4 /* Pods_PVRCinemas_PVRCinemasUITests.framework in Frameworks */ = {isa = PBXBuildFile; fileRef = 62123E6A262ED51226D8EC4A /* Pods_PVRCinemas_PVRCinemasUITests.framework */; };
		3B3447E723FE27804EC5AABB /* Pods_PVRCinemas.framework in Frameworks */ = {isa = PBXBuildFile; fileRef = AFB0CD8184120C3219597208 /* Pods_PVRCinemas.framework */; };
		FBDC686E1BC5B416A2D18A07 /* Pods_PVRCinemasTests.framework in Frameworks */ = {isa = PBXBuildFile; fileRef = 90B7615F10409EE4C9538AEB /* Pods_PVRCinemasTests.framework */; };
/* End PBXBuildFile section */

/* Begin PBXContainerItemProxy section */
		0644330F2D35B68E00017395 /* PBXContainerItemProxy */ = {
			isa = PBXContainerItemProxy;
			containerPortal = 064432F62D35B68B00017395 /* Project object */;
			proxyType = 1;
			remoteGlobalIDString = 064432FD2D35B68B00017395;
			remoteInfo = PVRCinemas;
		};
		064433192D35B68E00017395 /* PBXContainerItemProxy */ = {
			isa = PBXContainerItemProxy;
			containerPortal = 064432F62D35B68B00017395 /* Project object */;
			proxyType = 1;
			remoteGlobalIDString = 064432FD2D35B68B00017395;
			remoteInfo = PVRCinemas;
		};
/* End PBXContainerItemProxy section */

/* Begin PBXFileReference section */
		02B0E7DED3CF7DF70A97104B /* Pods-PVRCinemasTests.release.xcconfig */ = {isa = PBXFileReference; includeInIndex = 1; lastKnownFileType = text.xcconfig; name = "Pods-PVRCinemasTests.release.xcconfig"; path = "Target Support Files/Pods-PVRCinemasTests/Pods-PVRCinemasTests.release.xcconfig"; sourceTree = "<group>"; };
		064432FE2D35B68B00017395 /* PVRCinemas.app */ = {isa = PBXFileReference; explicitFileType = wrapper.application; includeInIndex = 0; path = PVRCinemas.app; sourceTree = BUILT_PRODUCTS_DIR; };
		0644330E2D35B68E00017395 /* PVRCinemasTests.xctest */ = {isa = PBXFileReference; explicitFileType = wrapper.cfbundle; includeInIndex = 0; path = PVRCinemasTests.xctest; sourceTree = BUILT_PRODUCTS_DIR; };
		064433182D35B68E00017395 /* PVRCinemasUITests.xctest */ = {isa = PBXFileReference; explicitFileType = wrapper.cfbundle; includeInIndex = 0; path = PVRCinemasUITests.xctest; sourceTree = BUILT_PRODUCTS_DIR; };
		3F9D7614907B23FC546391C6 /* Pods-PVRCinemasTests.debug.xcconfig */ = {isa = PBXFileReference; includeInIndex = 1; lastKnownFileType = text.xcconfig; name = "Pods-PVRCinemasTests.debug.xcconfig"; path = "Target Support Files/Pods-PVRCinemasTests/Pods-PVRCinemasTests.debug.xcconfig"; sourceTree = "<group>"; };
		4BB5589D7C2C615A2CFC724D /* Pods-PVRCinemas-PVRCinemasUITests.release.xcconfig */ = {isa = PBXFileReference; includeInIndex = 1; lastKnownFileType = text.xcconfig; name = "Pods-PVRCinemas-PVRCinemasUITests.release.xcconfig"; path = "Target Support Files/Pods-PVRCinemas-PVRCinemasUITests/Pods-PVRCinemas-PVRCinemasUITests.release.xcconfig"; sourceTree = "<group>"; };
		5F4ABA6FA7D98CE605693994 /* Pods-PVRCinemas-PVRCinemasUITests.debug.xcconfig */ = {isa = PBXFileReference; includeInIndex = 1; lastKnownFileType = text.xcconfig; name = "Pods-PVRCinemas-PVRCinemasUITests.debug.xcconfig"; path = "Target Support Files/Pods-PVRCinemas-PVRCinemasUITests/Pods-PVRCinemas-PVRCinemasUITests.debug.xcconfig"; sourceTree = "<group>"; };
		62123E6A262ED51226D8EC4A /* Pods_PVRCinemas_PVRCinemasUITests.framework */ = {isa = PBXFileReference; explicitFileType = wrapper.framework; includeInIndex = 0; path = Pods_PVRCinemas_PVRCinemasUITests.framework; sourceTree = BUILT_PRODUCTS_DIR; };
		7F4E7C9FD1291794A3A45B6A /* Pods-PVRCinemas.release.xcconfig */ = {isa = PBXFileReference; includeInIndex = 1; lastKnownFileType = text.xcconfig; name = "Pods-PVRCinemas.release.xcconfig"; path = "Target Support Files/Pods-PVRCinemas/Pods-PVRCinemas.release.xcconfig"; sourceTree = "<group>"; };
		90B7615F10409EE4C9538AEB /* Pods_PVRCinemasTests.framework */ = {isa = PBXFileReference; explicitFileType = wrapper.framework; includeInIndex = 0; path = Pods_PVRCinemasTests.framework; sourceTree = BUILT_PRODUCTS_DIR; };
		9FD5CDE2032F8B60834B9AAF /* Pods-PVRCinemas.debug.xcconfig */ = {isa = PBXFileReference; includeInIndex = 1; lastKnownFileType = text.xcconfig; name = "Pods-PVRCinemas.debug.xcconfig"; path = "Target Support Files/Pods-PVRCinemas/Pods-PVRCinemas.debug.xcconfig"; sourceTree = "<group>"; };
		AFB0CD8184120C3219597208 /* Pods_PVRCinemas.framework */ = {isa = PBXFileReference; explicitFileType = wrapper.framework; includeInIndex = 0; path = Pods_PVRCinemas.framework; sourceTree = BUILT_PRODUCTS_DIR; };
/* End PBXFileReference section */

/* Begin PBXFileSystemSynchronizedRootGroup section */
		064433002D35B68B00017395 /* PVRCinemas */ = {
			isa = PBXFileSystemSynchronizedRootGroup;
			path = PVRCinemas;
			sourceTree = "<group>";
		};
		064433112D35B68E00017395 /* PVRCinemasTests */ = {
			isa = PBXFileSystemSynchronizedRootGroup;
			path = PVRCinemasTests;
			sourceTree = "<group>";
		};
		0644331B2D35B68E00017395 /* PVRCinemasUITests */ = {
			isa = PBXFileSystemSynchronizedRootGroup;
			path = PVRCinemasUITests;
			sourceTree = "<group>";
		};
/* End PBXFileSystemSynchronizedRootGroup section */

/* Begin PBXFrameworksBuildPhase section */
		064432FB2D35B68B00017395 /* Frameworks */ = {
			isa = PBXFrameworksBuildPhase;
			buildActionMask = 2147483647;
			files = (
				3B3447E723FE27804EC5AABB /* Pods_PVRCinemas.framework in Frameworks */,
			);
			runOnlyForDeploymentPostprocessing = 0;
		};
		0644330B2D35B68E00017395 /* Frameworks */ = {
			isa = PBXFrameworksBuildPhase;
			buildActionMask = 2147483647;
			files = (
				FBDC686E1BC5B416A2D18A07 /* Pods_PVRCinemasTests.framework in Frameworks */,
			);
			runOnlyForDeploymentPostprocessing = 0;
		};
		064433152D35B68E00017395 /* Frameworks */ = {
			isa = PBXFrameworksBuildPhase;
			buildActionMask = 2147483647;
			files = (
				24B95850F65A421C4B2705E4 /* Pods_PVRCinemas_PVRCinemasUITests.framework in Frameworks */,
			);
			runOnlyForDeploymentPostprocessing = 0;
		};
/* End PBXFrameworksBuildPhase section */

/* Begin PBXGroup section */
		064432F52D35B68B00017395 = {
			isa = PBXGroup;
			children = (
				064433002D35B68B00017395 /* PVRCinemas */,
				064433112D35B68E00017395 /* PVRCinemasTests */,
				0644331B2D35B68E00017395 /* PVRCinemasUITests */,
				064432FF2D35B68B00017395 /* Products */,
				295CDC45A3CD22FD03176493 /* Pods */,
				60439A8289DBF58467E75928 /* Frameworks */,
			);
			sourceTree = "<group>";
		};
		064432FF2D35B68B00017395 /* Products */ = {
			isa = PBXGroup;
			children = (
				064432FE2D35B68B00017395 /* PVRCinemas.app */,
				0644330E2D35B68E00017395 /* PVRCinemasTests.xctest */,
				064433182D35B68E00017395 /* PVRCinemasUITests.xctest */,
			);
			name = Products;
			sourceTree = "<group>";
		};
		295CDC45A3CD22FD03176493 /* Pods */ = {
			isa = PBXGroup;
			children = (
				9FD5CDE2032F8B60834B9AAF /* Pods-PVRCinemas.debug.xcconfig */,
				7F4E7C9FD1291794A3A45B6A /* Pods-PVRCinemas.release.xcconfig */,
				5F4ABA6FA7D98CE605693994 /* Pods-PVRCinemas-PVRCinemasUITests.debug.xcconfig */,
				4BB5589D7C2C615A2CFC724D /* Pods-PVRCinemas-PVRCinemasUITests.release.xcconfig */,
				3F9D7614907B23FC546391C6 /* Pods-PVRCinemasTests.debug.xcconfig */,
				02B0E7DED3CF7DF70A97104B /* Pods-PVRCinemasTests.release.xcconfig */,
			);
			path = Pods;
			sourceTree = "<group>";
		};
		60439A8289DBF58467E75928 /* Frameworks */ = {
			isa = PBXGroup;
			children = (
				AFB0CD8184120C3219597208 /* Pods_PVRCinemas.framework */,
				62123E6A262ED51226D8EC4A /* Pods_PVRCinemas_PVRCinemasUITests.framework */,
				90B7615F10409EE4C9538AEB /* Pods_PVRCinemasTests.framework */,
			);
			name = Frameworks;
			sourceTree = "<group>";
		};
/* End PBXGroup section */

/* Begin PBXNativeTarget section */
		064432FD2D35B68B00017395 /* PVRCinemas */ = {
			isa = PBXNativeTarget;
			buildConfigurationList = 064433222D35B68E00017395 /* Build configuration list for PBXNativeTarget "PVRCinemas" */;
			buildPhases = (
				6D41AAE20DEF39B20B3A0212 /* [CP] Check Pods Manifest.lock */,
				064432FA2D35B68B00017395 /* Sources */,
				064432FB2D35B68B00017395 /* Frameworks */,
				064432FC2D35B68B00017395 /* Resources */,
			);
			buildRules = (
			);
			dependencies = (
			);
			fileSystemSynchronizedGroups = (
				064433002D35B68B00017395 /* PVRCinemas */,
			);
			name = PVRCinemas;
			productName = PVRCinemas;
			productReference = 064432FE2D35B68B00017395 /* PVRCinemas.app */;
			productType = "com.apple.product-type.application";
		};
		0644330D2D35B68E00017395 /* PVRCinemasTests */ = {
			isa = PBXNativeTarget;
			buildConfigurationList = 064433252D35B68E00017395 /* Build configuration list for PBXNativeTarget "PVRCinemasTests" */;
			buildPhases = (
				1425699C49D5A7B8CDEAD52D /* [CP] Check Pods Manifest.lock */,
				0644330A2D35B68E00017395 /* Sources */,
				0644330B2D35B68E00017395 /* Frameworks */,
				0644330C2D35B68E00017395 /* Resources */,
			);
			buildRules = (
			);
			dependencies = (
				064433102D35B68E00017395 /* PBXTargetDependency */,
			);
			fileSystemSynchronizedGroups = (
				064433112D35B68E00017395 /* PVRCinemasTests */,
			);
			name = PVRCinemasTests;
			productName = PVRCinemasTests;
			productReference = 0644330E2D35B68E00017395 /* PVRCinemasTests.xctest */;
			productType = "com.apple.product-type.bundle.unit-test";
		};
		064433172D35B68E00017395 /* PVRCinemasUITests */ = {
			isa = PBXNativeTarget;
			buildConfigurationList = 064433282D35B68E00017395 /* Build configuration list for PBXNativeTarget "PVRCinemasUITests" */;
			buildPhases = (
				6EAF4BAE6A2C89AB39429F2A /* [CP] Check Pods Manifest.lock */,
				064433142D35B68E00017395 /* Sources */,
				064433152D35B68E00017395 /* Frameworks */,
				064433162D35B68E00017395 /* Resources */,
			);
			buildRules = (
			);
			dependencies = (
				0644331A2D35B68E00017395 /* PBXTargetDependency */,
			);
			fileSystemSynchronizedGroups = (
				0644331B2D35B68E00017395 /* PVRCinemasUITests */,
			);
			name = PVRCinemasUITests;
			productName = PVRCinemasUITests;
			productReference = 064433182D35B68E00017395 /* PVRCinemasUITests.xctest */;
			productType = "com.apple.product-type.bundle.ui-testing";
		};
/* End PBXNativeTarget section */

/* Begin PBXProject section */
		064432F62D35B68B00017395 /* Project object */ = {
			isa = PBXProject;
			attributes = {
				BuildIndependentTargetsInParallel = 1;
				LastSwiftUpdateCheck = 1620;
				LastUpgradeCheck = 1620;
				TargetAttributes = {
					064432FD2D35B68B00017395 = {
						CreatedOnToolsVersion = 16.2;
					};
					0644330D2D35B68E00017395 = {
						CreatedOnToolsVersion = 16.2;
						TestTargetID = 064432FD2D35B68B00017395;
					};
					064433172D35B68E00017395 = {
						CreatedOnToolsVersion = 16.2;
						TestTargetID = 064432FD2D35B68B00017395;
					};
				};
			};
			buildConfigurationList = 064432F92D35B68B00017395 /* Build configuration list for PBXProject "PVRCinemas" */;
			developmentRegion = en;
			hasScannedForEncodings = 0;
			knownRegions = (
				en,
				Base,
			);
			mainGroup = 064432F52D35B68B00017395;
			minimizedProjectReferenceProxies = 1;
			preferredProjectObjectVersion = 77;
			productRefGroup = 064432FF2D35B68B00017395 /* Products */;
			projectDirPath = "";
			projectRoot = "";
			targets = (
				064432FD2D35B68B00017395 /* PVRCinemas */,
				0644330D2D35B68E00017395 /* PVRCinemasTests */,
				064433172D35B68E00017395 /* PVRCinemasUITests */,
			);
		};
/* End PBXProject section */

/* Begin PBXResourcesBuildPhase section */
		064432FC2D35B68B00017395 /* Resources */ = {
			isa = PBXResourcesBuildPhase;
			buildActionMask = 2147483647;
			files = (
			);
			runOnlyForDeploymentPostprocessing = 0;
		};
		0644330C2D35B68E00017395 /* Resources */ = {
			isa = PBXResourcesBuildPhase;
			buildActionMask = 2147483647;
			files = (
			);
			runOnlyForDeploymentPostprocessing = 0;
		};
		064433162D35B68E00017395 /* Resources */ = {
			isa = PBXResourcesBuildPhase;
			buildActionMask = 2147483647;
			files = (
			);
			runOnlyForDeploymentPostprocessing = 0;
		};
/* End PBXResourcesBuildPhase section */

/* Begin PBXShellScriptBuildPhase section */
		1425699C49D5A7B8CDEAD52D /* [CP] Check Pods Manifest.lock */ = {
			isa = PBXShellScriptBuildPhase;
			buildActionMask = 2147483647;
			files = (
			);
			inputFileListPaths = (
			);
			inputPaths = (
				"${PODS_PODFILE_DIR_PATH}/Podfile.lock",
				"${PODS_ROOT}/Manifest.lock",
			);
			name = "[CP] Check Pods Manifest.lock";
			outputFileListPaths = (
			);
			outputPaths = (
				"$(DERIVED_FILE_DIR)/Pods-PVRCinemasTests-checkManifestLockResult.txt",
			);
			runOnlyForDeploymentPostprocessing = 0;
			shellPath = /bin/sh;
			shellScript = "diff \"${PODS_PODFILE_DIR_PATH}/Podfile.lock\" \"${PODS_ROOT}/Manifest.lock\" > /dev/null\nif [ $? != 0 ] ; then\n    # print error to STDERR\n    echo \"error: The sandbox is not in sync with the Podfile.lock. Run 'pod install' or update your CocoaPods installation.\" >&2\n    exit 1\nfi\n# This output is used by Xcode 'outputs' to avoid re-running this script phase.\necho \"SUCCESS\" > \"${SCRIPT_OUTPUT_FILE_0}\"\n";
			showEnvVarsInLog = 0;
		};
		6D41AAE20DEF39B20B3A0212 /* [CP] Check Pods Manifest.lock */ = {
			isa = PBXShellScriptBuildPhase;
			buildActionMask = 2147483647;
			files = (
			);
			inputFileListPaths = (
			);
			inputPaths = (
				"${PODS_PODFILE_DIR_PATH}/Podfile.lock",
				"${PODS_ROOT}/Manifest.lock",
			);
			name = "[CP] Check Pods Manifest.lock";
			outputFileListPaths = (
			);
			outputPaths = (
				"$(DERIVED_FILE_DIR)/Pods-PVRCinemas-checkManifestLockResult.txt",
			);
			runOnlyForDeploymentPostprocessing = 0;
			shellPath = /bin/sh;
			shellScript = "diff \"${PODS_PODFILE_DIR_PATH}/Podfile.lock\" \"${PODS_ROOT}/Manifest.lock\" > /dev/null\nif [ $? != 0 ] ; then\n    # print error to STDERR\n    echo \"error: The sandbox is not in sync with the Podfile.lock. Run 'pod install' or update your CocoaPods installation.\" >&2\n    exit 1\nfi\n# This output is used by Xcode 'outputs' to avoid re-running this script phase.\necho \"SUCCESS\" > \"${SCRIPT_OUTPUT_FILE_0}\"\n";
			showEnvVarsInLog = 0;
		};
		6EAF4BAE6A2C89AB39429F2A /* [CP] Check Pods Manifest.lock */ = {
			isa = PBXShellScriptBuildPhase;
			buildActionMask = 2147483647;
			files = (
			);
			inputFileListPaths = (
			);
			inputPaths = (
				"${PODS_PODFILE_DIR_PATH}/Podfile.lock",
				"${PODS_ROOT}/Manifest.lock",
			);
			name = "[CP] Check Pods Manifest.lock";
			outputFileListPaths = (
			);
			outputPaths = (
				"$(DERIVED_FILE_DIR)/Pods-PVRCinemas-PVRCinemasUITests-checkManifestLockResult.txt",
			);
			runOnlyForDeploymentPostprocessing = 0;
			shellPath = /bin/sh;
			shellScript = "diff \"${PODS_PODFILE_DIR_PATH}/Podfile.lock\" \"${PODS_ROOT}/Manifest.lock\" > /dev/null\nif [ $? != 0 ] ; then\n    # print error to STDERR\n    echo \"error: The sandbox is not in sync with the Podfile.lock. Run 'pod install' or update your CocoaPods installation.\" >&2\n    exit 1\nfi\n# This output is used by Xcode 'outputs' to avoid re-running this script phase.\necho \"SUCCESS\" > \"${SCRIPT_OUTPUT_FILE_0}\"\n";
			showEnvVarsInLog = 0;
		};
/* End PBXShellScriptBuildPhase section */

/* Begin PBXSourcesBuildPhase section */
		064432FA2D35B68B00017395 /* Sources */ = {
			isa = PBXSourcesBuildPhase;
			buildActionMask = 2147483647;
			files = (
			);
			runOnlyForDeploymentPostprocessing = 0;
		};
		0644330A2D35B68E00017395 /* Sources */ = {
			isa = PBXSourcesBuildPhase;
			buildActionMask = 2147483647;
			files = (
			);
			runOnlyForDeploymentPostprocessing = 0;
		};
		064433142D35B68E00017395 /* Sources */ = {
			isa = PBXSourcesBuildPhase;
			buildActionMask = 2147483647;
			files = (
			);
			runOnlyForDeploymentPostprocessing = 0;
		};
/* End PBXSourcesBuildPhase section */

/* Begin PBXTargetDependency section */
		064433102D35B68E00017395 /* PBXTargetDependency */ = {
			isa = PBXTargetDependency;
			target = 064432FD2D35B68B00017395 /* PVRCinemas */;
			targetProxy = 0644330F2D35B68E00017395 /* PBXContainerItemProxy */;
		};
		0644331A2D35B68E00017395 /* PBXTargetDependency */ = {
			isa = PBXTargetDependency;
			target = 064432FD2D35B68B00017395 /* PVRCinemas */;
			targetProxy = 064433192D35B68E00017395 /* PBXContainerItemProxy */;
		};
/* End PBXTargetDependency section */

/* Begin XCBuildConfiguration section */
		064433202D35B68E00017395 /* Debug */ = {
			isa = XCBuildConfiguration;
			buildSettings = {
				ALWAYS_SEARCH_USER_PATHS = NO;
				ASSETCATALOG_COMPILER_GENERATE_SWIFT_ASSET_SYMBOL_EXTENSIONS = YES;
				CLANG_ANALYZER_NONNULL = YES;
				CLANG_ANALYZER_NUMBER_OBJECT_CONVERSION = YES_AGGRESSIVE;
				CLANG_CXX_LANGUAGE_STANDARD = "gnu++20";
				CLANG_ENABLE_MODULES = YES;
				CLANG_ENABLE_OBJC_ARC = YES;
				CLANG_ENABLE_OBJC_WEAK = YES;
				CLANG_WARN_BLOCK_CAPTURE_AUTORELEASING = YES;
				CLANG_WARN_BOOL_CONVERSION = YES;
				CLANG_WARN_COMMA = YES;
				CLANG_WARN_CONSTANT_CONVERSION = YES;
				CLANG_WARN_DEPRECATED_OBJC_IMPLEMENTATIONS = YES;
				CLANG_WARN_DIRECT_OBJC_ISA_USAGE = YES_ERROR;
				CLANG_WARN_DOCUMENTATION_COMMENTS = YES;
				CLANG_WARN_EMPTY_BODY = YES;
				CLANG_WARN_ENUM_CONVERSION = YES;
				CLANG_WARN_INFINITE_RECURSION = YES;
				CLANG_WARN_INT_CONVERSION = YES;
				CLANG_WARN_NON_LITERAL_NULL_CONVERSION = YES;
				CLANG_WARN_OBJC_IMPLICIT_RETAIN_SELF = YES;
				CLANG_WARN_OBJC_LITERAL_CONVERSION = YES;
				CLANG_WARN_OBJC_ROOT_CLASS = YES_ERROR;
				CLANG_WARN_QUOTED_INCLUDE_IN_FRAMEWORK_HEADER = YES;
				CLANG_WARN_RANGE_LOOP_ANALYSIS = YES;
				CLANG_WARN_STRICT_PROTOTYPES = YES;
				CLANG_WARN_SUSPICIOUS_MOVE = YES;
				CLANG_WARN_UNGUARDED_AVAILABILITY = YES_AGGRESSIVE;
				CLANG_WARN_UNREACHABLE_CODE = YES;
				CLANG_WARN__DUPLICATE_METHOD_MATCH = YES;
				COPY_PHASE_STRIP = NO;
				DEBUG_INFORMATION_FORMAT = dwarf;
				ENABLE_STRICT_OBJC_MSGSEND = YES;
				ENABLE_TESTABILITY = YES;
				ENABLE_USER_SCRIPT_SANDBOXING = YES;
				GCC_C_LANGUAGE_STANDARD = gnu17;
				GCC_DYNAMIC_NO_PIC = NO;
				GCC_NO_COMMON_BLOCKS = YES;
				GCC_OPTIMIZATION_LEVEL = 0;
				GCC_PREPROCESSOR_DEFINITIONS = (
					"DEBUG=1",
					"$(inherited)",
				);
				GCC_WARN_64_TO_32_BIT_CONVERSION = YES;
				GCC_WARN_ABOUT_RETURN_TYPE = YES_ERROR;
				GCC_WARN_UNDECLARED_SELECTOR = YES;
				GCC_WARN_UNINITIALIZED_AUTOS = YES_AGGRESSIVE;
				GCC_WARN_UNUSED_FUNCTION = YES;
				GCC_WARN_UNUSED_VARIABLE = YES;
				IPHONEOS_DEPLOYMENT_TARGET = 18.2;
				LOCALIZATION_PREFERS_STRING_CATALOGS = YES;
				MTL_ENABLE_DEBUG_INFO = INCLUDE_SOURCE;
				MTL_FAST_MATH = YES;
				ONLY_ACTIVE_ARCH = YES;
				SDKROOT = iphoneos;
				SWIFT_ACTIVE_COMPILATION_CONDITIONS = "DEBUG $(inherited)";
				SWIFT_OPTIMIZATION_LEVEL = "-Onone";
			};
			name = Debug;
		};
		064433212D35B68E00017395 /* Release */ = {
			isa = XCBuildConfiguration;
			buildSettings = {
				ALWAYS_SEARCH_USER_PATHS = NO;
				ASSETCATALOG_COMPILER_GENERATE_SWIFT_ASSET_SYMBOL_EXTENSIONS = YES;
				CLANG_ANALYZER_NONNULL = YES;
				CLANG_ANALYZER_NUMBER_OBJECT_CONVERSION = YES_AGGRESSIVE;
				CLANG_CXX_LANGUAGE_STANDARD = "gnu++20";
				CLANG_ENABLE_MODULES = YES;
				CLANG_ENABLE_OBJC_ARC = YES;
				CLANG_ENABLE_OBJC_WEAK = YES;
				CLANG_WARN_BLOCK_CAPTURE_AUTORELEASING = YES;
				CLANG_WARN_BOOL_CONVERSION = YES;
				CLANG_WARN_COMMA = YES;
				CLANG_WARN_CONSTANT_CONVERSION = YES;
				CLANG_WARN_DEPRECATED_OBJC_IMPLEMENTATIONS = YES;
				CLANG_WARN_DIRECT_OBJC_ISA_USAGE = YES_ERROR;
				CLANG_WARN_DOCUMENTATION_COMMENTS = YES;
				CLANG_WARN_EMPTY_BODY = YES;
				CLANG_WARN_ENUM_CONVERSION = YES;
				CLANG_WARN_INFINITE_RECURSION = YES;
				CLANG_WARN_INT_CONVERSION = YES;
				CLANG_WARN_NON_LITERAL_NULL_CONVERSION = YES;
				CLANG_WARN_OBJC_IMPLICIT_RETAIN_SELF = YES;
				CLANG_WARN_OBJC_LITERAL_CONVERSION = YES;
				CLANG_WARN_OBJC_ROOT_CLASS = YES_ERROR;
				CLANG_WARN_QUOTED_INCLUDE_IN_FRAMEWORK_HEADER = YES;
				CLANG_WARN_RANGE_LOOP_ANALYSIS = YES;
				CLANG_WARN_STRICT_PROTOTYPES = YES;
				CLANG_WARN_SUSPICIOUS_MOVE = YES;
				CLANG_WARN_UNGUARDED_AVAILABILITY = YES_AGGRESSIVE;
				CLANG_WARN_UNREACHABLE_CODE = YES;
				CLANG_WARN__DUPLICATE_METHOD_MATCH = YES;
				COPY_PHASE_STRIP = NO;
				DEBUG_INFORMATION_FORMAT = "dwarf-with-dsym";
				ENABLE_NS_ASSERTIONS = NO;
				ENABLE_STRICT_OBJC_MSGSEND = YES;
				ENABLE_USER_SCRIPT_SANDBOXING = YES;
				GCC_C_LANGUAGE_STANDARD = gnu17;
				GCC_NO_COMMON_BLOCKS = YES;
				GCC_WARN_64_TO_32_BIT_CONVERSION = YES;
				GCC_WARN_ABOUT_RETURN_TYPE = YES_ERROR;
				GCC_WARN_UNDECLARED_SELECTOR = YES;
				GCC_WARN_UNINITIALIZED_AUTOS = YES_AGGRESSIVE;
				GCC_WARN_UNUSED_FUNCTION = YES;
				GCC_WARN_UNUSED_VARIABLE = YES;
				IPHONEOS_DEPLOYMENT_TARGET = 18.2;
				LOCALIZATION_PREFERS_STRING_CATALOGS = YES;
				MTL_ENABLE_DEBUG_INFO = NO;
				MTL_FAST_MATH = YES;
				SDKROOT = iphoneos;
				SWIFT_COMPILATION_MODE = wholemodule;
				VALIDATE_PRODUCT = YES;
			};
			name = Release;
		};
		064433232D35B68E00017395 /* Debug */ = {
			isa = XCBuildConfiguration;
			baseConfigurationReference = 9FD5CDE2032F8B60834B9AAF /* Pods-PVRCinemas.debug.xcconfig */;
			buildSettings = {
				ASSETCATALOG_COMPILER_APPICON_NAME = AppIcon;
				ASSETCATALOG_COMPILER_GLOBAL_ACCENT_COLOR_NAME = AccentColor;
				CODE_SIGN_STYLE = Automatic;
				CURRENT_PROJECT_VERSION = 1;
				DEVELOPMENT_ASSET_PATHS = "\"PVRCinemas/Preview Content\"";
				DEVELOPMENT_TEAM = 9BUC4UPVAJ;
				ENABLE_PREVIEWS = YES;
				GENERATE_INFOPLIST_FILE = YES;
				INFOPLIST_KEY_UIApplicationSceneManifest_Generation = YES;
				INFOPLIST_KEY_UIApplicationSupportsIndirectInputEvents = YES;
				INFOPLIST_KEY_UILaunchScreen_Generation = YES;
				INFOPLIST_KEY_UISupportedInterfaceOrientations_iPad = "UIInterfaceOrientationPortrait UIInterfaceOrientationPortraitUpsideDown UIInterfaceOrientationLandscapeLeft UIInterfaceOrientationLandscapeRight";
				INFOPLIST_KEY_UISupportedInterfaceOrientations_iPhone = "UIInterfaceOrientationPortrait UIInterfaceOrientationLandscapeLeft UIInterfaceOrientationLandscapeRight";
				LD_RUNPATH_SEARCH_PATHS = (
					"$(inherited)",
					"@executable_path/Frameworks",
				);
				MARKETING_VERSION = 1.0;
				PRODUCT_BUNDLE_IDENTIFIER = devansh.PVRCinemas;
				PRODUCT_NAME = "$(TARGET_NAME)";
				SWIFT_EMIT_LOC_STRINGS = YES;
				SWIFT_VERSION = 5.0;
				TARGETED_DEVICE_FAMILY = "1,2";
			};
			name = Debug;
		};
		064433242D35B68E00017395 /* Release */ = {
			isa = XCBuildConfiguration;
			baseConfigurationReference = 7F4E7C9FD1291794A3A45B6A /* Pods-PVRCinemas.release.xcconfig */;
			buildSettings = {
				ASSETCATALOG_COMPILER_APPICON_NAME = AppIcon;
				ASSETCATALOG_COMPILER_GLOBAL_ACCENT_COLOR_NAME = AccentColor;
				CODE_SIGN_STYLE = Automatic;
				CURRENT_PROJECT_VERSION = 1;
				DEVELOPMENT_ASSET_PATHS = "\"PVRCinemas/Preview Content\"";
				DEVELOPMENT_TEAM = 9BUC4UPVAJ;
				ENABLE_PREVIEWS = YES;
				GENERATE_INFOPLIST_FILE = YES;
				INFOPLIST_KEY_UIApplicationSceneManifest_Generation = YES;
				INFOPLIST_KEY_UIApplicationSupportsIndirectInputEvents = YES;
				INFOPLIST_KEY_UILaunchScreen_Generation = YES;
				INFOPLIST_KEY_UISupportedInterfaceOrientations_iPad = "UIInterfaceOrientationPortrait UIInterfaceOrientationPortraitUpsideDown UIInterfaceOrientationLandscapeLeft UIInterfaceOrientationLandscapeRight";
				INFOPLIST_KEY_UISupportedInterfaceOrientations_iPhone = "UIInterfaceOrientationPortrait UIInterfaceOrientationLandscapeLeft UIInterfaceOrientationLandscapeRight";
				LD_RUNPATH_SEARCH_PATHS = (
					"$(inherited)",
					"@executable_path/Frameworks",
				);
				MARKETING_VERSION = 1.0;
				PRODUCT_BUNDLE_IDENTIFIER = devansh.PVRCinemas;
				PRODUCT_NAME = "$(TARGET_NAME)";
				SWIFT_EMIT_LOC_STRINGS = YES;
				SWIFT_VERSION = 5.0;
				TARGETED_DEVICE_FAMILY = "1,2";
			};
			name = Release;
		};
		064433262D35B68E00017395 /* Debug */ = {
			isa = XCBuildConfiguration;
			baseConfigurationReference = 3F9D7614907B23FC546391C6 /* Pods-PVRCinemasTests.debug.xcconfig */;
			buildSettings = {
				BUNDLE_LOADER = "$(TEST_HOST)";
				CODE_SIGN_STYLE = Automatic;
				CURRENT_PROJECT_VERSION = 1;
				DEVELOPMENT_TEAM = 9BUC4UPVAJ;
				GENERATE_INFOPLIST_FILE = YES;
				IPHONEOS_DEPLOYMENT_TARGET = 18.2;
				MARKETING_VERSION = 1.0;
				PRODUCT_BUNDLE_IDENTIFIER = devansh.PVRCinemasTests;
				PRODUCT_NAME = "$(TARGET_NAME)";
				SWIFT_EMIT_LOC_STRINGS = NO;
				SWIFT_VERSION = 5.0;
				TARGETED_DEVICE_FAMILY = "1,2";
				TEST_HOST = "$(BUILT_PRODUCTS_DIR)/PVRCinemas.app/$(BUNDLE_EXECUTABLE_FOLDER_PATH)/PVRCinemas";
			};
			name = Debug;
		};
		064433272D35B68E00017395 /* Release */ = {
			isa = XCBuildConfiguration;
			baseConfigurationReference = 02B0E7DED3CF7DF70A97104B /* Pods-PVRCinemasTests.release.xcconfig */;
			buildSettings = {
				BUNDLE_LOADER = "$(TEST_HOST)";
				CODE_SIGN_STYLE = Automatic;
				CURRENT_PROJECT_VERSION = 1;
				DEVELOPMENT_TEAM = 9BUC4UPVAJ;
				GENERATE_INFOPLIST_FILE = YES;
				IPHONEOS_DEPLOYMENT_TARGET = 18.2;
				MARKETING_VERSION = 1.0;
				PRODUCT_BUNDLE_IDENTIFIER = devansh.PVRCinemasTests;
				PRODUCT_NAME = "$(TARGET_NAME)";
				SWIFT_EMIT_LOC_STRINGS = NO;
				SWIFT_VERSION = 5.0;
				TARGETED_DEVICE_FAMILY = "1,2";
				TEST_HOST = "$(BUILT_PRODUCTS_DIR)/PVRCinemas.app/$(BUNDLE_EXECUTABLE_FOLDER_PATH)/PVRCinemas";
			};
			name = Release;
		};
		064433292D35B68E00017395 /* Debug */ = {
			isa = XCBuildConfiguration;
			baseConfigurationReference = 5F4ABA6FA7D98CE605693994 /* Pods-PVRCinemas-PVRCinemasUITests.debug.xcconfig */;
			buildSettings = {
				CODE_SIGN_STYLE = Automatic;
				CURRENT_PROJECT_VERSION = 1;
				DEVELOPMENT_TEAM = 9BUC4UPVAJ;
				GENERATE_INFOPLIST_FILE = YES;
				MARKETING_VERSION = 1.0;
				PRODUCT_BUNDLE_IDENTIFIER = devansh.PVRCinemasUITests;
				PRODUCT_NAME = "$(TARGET_NAME)";
				SWIFT_EMIT_LOC_STRINGS = NO;
				SWIFT_VERSION = 5.0;
				TARGETED_DEVICE_FAMILY = "1,2";
				TEST_TARGET_NAME = PVRCinemas;
			};
			name = Debug;
		};
		0644332A2D35B68E00017395 /* Release */ = {
			isa = XCBuildConfiguration;
			baseConfigurationReference = 4BB5589D7C2C615A2CFC724D /* Pods-PVRCinemas-PVRCinemasUITests.release.xcconfig */;
			buildSettings = {
				CODE_SIGN_STYLE = Automatic;
				CURRENT_PROJECT_VERSION = 1;
				DEVELOPMENT_TEAM = 9BUC4UPVAJ;
				GENERATE_INFOPLIST_FILE = YES;
				MARKETING_VERSION = 1.0;
				PRODUCT_BUNDLE_IDENTIFIER = devansh.PVRCinemasUITests;
				PRODUCT_NAME = "$(TARGET_NAME)";
				SWIFT_EMIT_LOC_STRINGS = NO;
				SWIFT_VERSION = 5.0;
				TARGETED_DEVICE_FAMILY = "1,2";
				TEST_TARGET_NAME = PVRCinemas;
			};
			name = Release;
		};
/* End XCBuildConfiguration section */

/* Begin XCConfigurationList section */
		064432F92D35B68B00017395 /* Build configuration list for PBXProject "PVRCinemas" */ = {
			isa = XCConfigurationList;
			buildConfigurations = (
				064433202D35B68E00017395 /* Debug */,
				064433212D35B68E00017395 /* Release */,
			);
			defaultConfigurationIsVisible = 0;
			defaultConfigurationName = Release;
		};
		064433222D35B68E00017395 /* Build configuration list for PBXNativeTarget "PVRCinemas" */ = {
			isa = XCConfigurationList;
			buildConfigurations = (
				064433232D35B68E00017395 /* Debug */,
				064433242D35B68E00017395 /* Release */,
			);
			defaultConfigurationIsVisible = 0;
			defaultConfigurationName = Release;
		};
		064433252D35B68E00017395 /* Build configuration list for PBXNativeTarget "PVRCinemasTests" */ = {
			isa = XCConfigurationList;
			buildConfigurations = (
				064433262D35B68E00017395 /* Debug */,
				064433272D35B68E00017395 /* Release */,
			);
			defaultConfigurationIsVisible = 0;
			defaultConfigurationName = Release;
		};
		064433282D35B68E00017395 /* Build configuration list for PBXNativeTarget "PVRCinemasUITests" */ = {
			isa = XCConfigurationList;
			buildConfigurations = (
				064433292D35B68E00017395 /* Debug */,
				0644332A2D35B68E00017395 /* Release */,
			);
			defaultConfigurationIsVisible = 0;
			defaultConfigurationName = Release;
		};
/* End XCConfigurationList section */
	};
	rootObject = 064432F62D35B68B00017395 /* Project object */;
}
